{
  "version": 4,
  "terraform_version": "0.13.5",
  "serial": 5,
  "lineage": "2cddab4c-83a6-48a5-651d-32178d653738",
  "outputs": {
    "policy": {
      "value": "{\r\n    \"Version\": \"2012-10-17\",\r\n    \"Statement\": [\r\n        {\r\n            \"Action\": [\r\n                \"s3:ListBucket\"\r\n            ],\r\n            \"Effect\": \"Allow\",\r\n            \"Resource\": [\r\n                \"arn:aws:s3:::rodolfomarra-bucket\"\r\n            ]\r\n        },\r\n        {\r\n            \"Action\": [\r\n                \"s3:GetObject\"\r\n            ],\r\n            \"Effect\": \"Allow\",\r\n            \"Resource\": [\r\n                \"arn:aws:s3:::rodolfomarra-bucket\"\r\n            ]\r\n        }\r\n    ]\r\n}",
      "type": "string"
    }
  },
  "resources": [
    {
      "mode": "data",
      "type": "template_file",
      "name": "bucket_policy",
      "provider": "provider[\"registry.terraform.io/hashicorp/template\"]",
      "instances": [
        {
          "schema_version": 0,
          "attributes": {
            "filename": null,
            "id": "fd2bcc141655aad77d1e47284b94e000dbc8a6045eb8de0b6a297dd72b64cb11",
            "rendered": "{\r\n    \"Version\": \"2012-10-17\",\r\n    \"Statement\": [\r\n        {\r\n            \"Action\": [\r\n                \"s3:ListBucket\"\r\n            ],\r\n            \"Effect\": \"Allow\",\r\n            \"Resource\": [\r\n                \"arn:aws:s3:::rodolfomarra-bucket\"\r\n            ]\r\n        },\r\n        {\r\n            \"Action\": [\r\n                \"s3:GetObject\"\r\n            ],\r\n            \"Effect\": \"Allow\",\r\n            \"Resource\": [\r\n                \"arn:aws:s3:::rodolfomarra-bucket\"\r\n            ]\r\n        }\r\n    ]\r\n}",
            "template": "{\r\n    \"Version\": \"2012-10-17\",\r\n    \"Statement\": [\r\n        {\r\n            \"Action\": [\r\n                \"s3:ListBucket\"\r\n            ],\r\n            \"Effect\": \"Allow\",\r\n            \"Resource\": [\r\n                \"${bucket_arn}\"\r\n            ]\r\n        },\r\n        {\r\n            \"Action\": [\r\n                \"s3:GetObject\"\r\n            ],\r\n            \"Effect\": \"Allow\",\r\n            \"Resource\": [\r\n                \"${bucket_arn}\"\r\n            ]\r\n        }\r\n    ]\r\n}",
            "vars": {
              "bucket_arn": "arn:aws:s3:::rodolfomarra-bucket"
            }
          }
        }
      ]
    },
    {
      "mode": "managed",
      "type": "aws_iam_user",
      "name": "rody",
      "provider": "provider[\"registry.terraform.io/hashicorp/aws\"]",
      "instances": [
        {
          "schema_version": 0,
          "attributes": {
            "arn": "arn:aws:iam::667084926673:user/Rodolfo-Marra",
            "force_destroy": false,
            "id": "Rodolfo-Marra",
            "name": "Rodolfo-Marra",
            "path": "/",
            "permissions_boundary": null,
            "tags": null,
            "unique_id": "AIDAZWUK4F3IVQH7P3MRE"
          },
          "private": "bnVsbA=="
        }
      ]
    },
    {
      "mode": "managed",
      "type": "aws_iam_user_policy",
      "name": "my_bucket_policy",
      "provider": "provider[\"registry.terraform.io/hashicorp/aws\"]",
      "instances": [
        {
          "schema_version": 0,
          "attributes": {
            "id": "Rodolfo-Marra:my-policy",
            "name": "my-policy",
            "name_prefix": null,
            "policy": "{\r\n    \"Version\": \"2012-10-17\",\r\n    \"Statement\": [\r\n        {\r\n            \"Action\": [\r\n                \"s3:ListBucket\"\r\n            ],\r\n            \"Effect\": \"Allow\",\r\n            \"Resource\": [\r\n                \"arn:aws:s3:::rodolfomarra-bucket\"\r\n            ]\r\n        },\r\n        {\r\n            \"Action\": [\r\n                \"s3:GetObject\"\r\n            ],\r\n            \"Effect\": \"Allow\",\r\n            \"Resource\": [\r\n                \"arn:aws:s3:::rodolfomarra-bucket\"\r\n            ]\r\n        }\r\n    ]\r\n}",
            "user": "Rodolfo-Marra"
          },
          "private": "bnVsbA==",
          "dependencies": [
            "aws_iam_user.rody",
            "aws_s3_bucket.my_bucket",
            "data.template_file.bucket_policy"
          ]
        }
      ]
    },
    {
      "mode": "managed",
      "type": "aws_s3_bucket",
      "name": "my_bucket",
      "provider": "provider[\"registry.terraform.io/hashicorp/aws\"]",
      "instances": [
        {
          "schema_version": 0,
          "attributes": {
            "acceleration_status": "",
            "acl": "private",
            "arn": "arn:aws:s3:::rodolfomarra-bucket",
            "bucket": "rodolfomarra-bucket",
            "bucket_domain_name": "rodolfomarra-bucket.s3.amazonaws.com",
            "bucket_prefix": null,
            "bucket_regional_domain_name": "rodolfomarra-bucket.s3.amazonaws.com",
            "cors_rule": [],
            "force_destroy": false,
            "grant": [],
            "hosted_zone_id": "Z3AQBSTGFYJSTF",
            "id": "rodolfomarra-bucket",
            "lifecycle_rule": [],
            "logging": [],
            "object_lock_configuration": [],
            "policy": null,
            "region": "us-east-1",
            "replication_configuration": [],
            "request_payer": "BucketOwner",
            "server_side_encryption_configuration": [],
            "tags": null,
            "versioning": [
              {
                "enabled": false,
                "mfa_delete": false
              }
            ],
            "website": [],
            "website_domain": null,
            "website_endpoint": null
          },
          "private": "bnVsbA=="
        }
      ]
    }
  ]
}
