{
  "version": 4,
  "terraform_version": "0.13.5",
  "serial": 3,
  "lineage": "4092783a-e953-c4e1-48ed-e99fd49a363d",
  "outputs": {},
  "resources": [
    {
      "mode": "managed",
      "type": "aws_iam_policy",
      "name": "my_bucket_policy",
      "provider": "provider[\"registry.terraform.io/hashicorp/aws\"]",
      "instances": [
        {
          "schema_version": 0,
          "attributes": {
            "arn": "arn:aws:iam::667084926673:policy/my-bucket-policy",
            "description": "",
            "id": "arn:aws:iam::667084926673:policy/my-bucket-policy",
            "name": "my-bucket-policy",
            "name_prefix": null,
            "path": "/",
            "policy": "{\r\n  \"Version\": \"2012-10-17\",\r\n  \"Statement\": [\r\n    {\r\n      \"Action\": [\r\n        \"s3:ListBucket\"\r\n      ],\r\n      \"Effect\": \"Allow\",\r\n      \"Resource\": [\r\n        \"arn:aws:s3:::rodolfomarra-myfirst-bucket\"\r\n      ]\r\n    }\r\n  ]\r\n}\r\n"
          },
          "private": "bnVsbA==",
          "dependencies": [
            "aws_s3_bucket.my_bucket"
          ]
        }
      ]
    },
    {
      "mode": "managed",
      "type": "aws_s3_bucket",
      "name": "my_bucket",
      "provider": "provider[\"registry.terraform.io/hashicorp/aws\"]",
      "instances": [
        {
          "schema_version": 0,
          "attributes": {
            "acceleration_status": "",
            "acl": "private",
            "arn": "arn:aws:s3:::rodolfomarra-myfirst-bucket",
            "bucket": "rodolfomarra-myfirst-bucket",
            "bucket_domain_name": "rodolfomarra-myfirst-bucket.s3.amazonaws.com",
            "bucket_prefix": null,
            "bucket_regional_domain_name": "rodolfomarra-myfirst-bucket.s3.amazonaws.com",
            "cors_rule": [],
            "force_destroy": false,
            "grant": [],
            "hosted_zone_id": "Z3AQBSTGFYJSTF",
            "id": "rodolfomarra-myfirst-bucket",
            "lifecycle_rule": [],
            "logging": [],
            "object_lock_configuration": [],
            "policy": null,
            "region": "us-east-1",
            "replication_configuration": [],
            "request_payer": "BucketOwner",
            "server_side_encryption_configuration": [],
            "tags": null,
            "versioning": [
              {
                "enabled": false,
                "mfa_delete": false
              }
            ],
            "website": [],
            "website_domain": null,
            "website_endpoint": null
          },
          "private": "bnVsbA=="
        }
      ]
    }
  ]
}
