{
  "version": 4,
  "terraform_version": "0.13.5",
  "serial": 3,
  "lineage": "7fbe2768-8ce0-7ac5-25fc-5a7b38ae8078",
  "outputs": {
    "normal_bucket_arn": {
      "value": "arn:aws:s3:::rodolfomarra-normal",
      "type": "string"
    },
    "versioned_bucket_arn": {
      "value": "arn:aws:s3:::rodolfomarra-versioned",
      "type": "string"
    }
  },
  "resources": [
    {
      "module": "module.normal_bucket",
      "mode": "managed",
      "type": "aws_s3_bucket",
      "name": "bucket",
      "provider": "provider[\"registry.terraform.io/hashicorp/aws\"]",
      "instances": [
        {
          "schema_version": 0,
          "attributes": {
            "acceleration_status": "",
            "acl": "private",
            "arn": "arn:aws:s3:::rodolfomarra-normal",
            "bucket": "rodolfomarra-normal",
            "bucket_domain_name": "rodolfomarra-normal.s3.amazonaws.com",
            "bucket_prefix": null,
            "bucket_regional_domain_name": "rodolfomarra-normal.s3.amazonaws.com",
            "cors_rule": [],
            "force_destroy": false,
            "grant": [],
            "hosted_zone_id": "Z3AQBSTGFYJSTF",
            "id": "rodolfomarra-normal",
            "lifecycle_rule": [],
            "logging": [],
            "object_lock_configuration": [],
            "policy": null,
            "region": "us-east-1",
            "replication_configuration": [],
            "request_payer": "BucketOwner",
            "server_side_encryption_configuration": [],
            "tags": null,
            "versioning": [
              {
                "enabled": false,
                "mfa_delete": false
              }
            ],
            "website": [],
            "website_domain": null,
            "website_endpoint": null
          },
          "private": "bnVsbA=="
        }
      ]
    },
    {
      "module": "module.versioned_bucket",
      "mode": "managed",
      "type": "aws_s3_bucket",
      "name": "bucket",
      "provider": "provider[\"registry.terraform.io/hashicorp/aws\"]",
      "instances": [
        {
          "schema_version": 0,
          "attributes": {
            "acceleration_status": "",
            "acl": "private",
            "arn": "arn:aws:s3:::rodolfomarra-versioned",
            "bucket": "rodolfomarra-versioned",
            "bucket_domain_name": "rodolfomarra-versioned.s3.amazonaws.com",
            "bucket_prefix": null,
            "bucket_regional_domain_name": "rodolfomarra-versioned.s3.amazonaws.com",
            "cors_rule": [],
            "force_destroy": false,
            "grant": [],
            "hosted_zone_id": "Z3AQBSTGFYJSTF",
            "id": "rodolfomarra-versioned",
            "lifecycle_rule": [],
            "logging": [],
            "object_lock_configuration": [],
            "policy": null,
            "region": "us-east-1",
            "replication_configuration": [],
            "request_payer": "BucketOwner",
            "server_side_encryption_configuration": [],
            "tags": null,
            "versioning": [
              {
                "enabled": true,
                "mfa_delete": false
              }
            ],
            "website": [],
            "website_domain": null,
            "website_endpoint": null
          },
          "private": "bnVsbA=="
        }
      ]
    }
  ]
}
