{
  "version": 4,
  "terraform_version": "0.13.5",
  "serial": 1,
  "lineage": "86a1f802-140f-1656-f2a9-6f4a7c20486d",
  "outputs": {},
  "resources": [
    {
      "mode": "data",
      "type": "aws_s3_bucket",
      "name": "my_bucket",
      "provider": "provider[\"registry.terraform.io/hashicorp/aws\"]",
      "instances": [
        {
          "schema_version": 0,
          "attributes": {
            "arn": "arn:aws:s3:::rodolfomarra-already-here",
            "bucket": "rodolfomarra-already-here",
            "bucket_domain_name": "rodolfomarra-already-here.s3.amazonaws.com",
            "bucket_regional_domain_name": "rodolfomarra-already-here.s3.amazonaws.com",
            "hosted_zone_id": "Z3AQBSTGFYJSTF",
            "id": "rodolfomarra-already-here",
            "region": "us-east-1",
            "website_domain": null,
            "website_endpoint": null
          }
        }
      ]
    },
    {
      "mode": "managed",
      "type": "aws_iam_policy",
      "name": "my_bucket_policy",
      "provider": "provider[\"registry.terraform.io/hashicorp/aws\"]",
      "instances": [
        {
          "schema_version": 0,
          "attributes": {
            "arn": "arn:aws:iam::667084926673:policy/my-bucket-policy",
            "description": "",
            "id": "arn:aws:iam::667084926673:policy/my-bucket-policy",
            "name": "my-bucket-policy",
            "name_prefix": null,
            "path": "/",
            "policy": "{\r\n  \"Version\": \"2012-10-17\",\r\n  \"Statement\": [\r\n    {\r\n      \"Action\": [\r\n        \"s3:ListBucket\"\r\n      ],\r\n      \"Effect\": \"Allow\",\r\n      \"Resource\": [\r\n        \"arn:aws:s3:::rodolfomarra-already-here\"\r\n      ]\r\n    }\r\n  ]\r\n}\r\n"
          },
          "private": "bnVsbA==",
          "dependencies": [
            "data.aws_s3_bucket.my_bucket"
          ]
        }
      ]
    }
  ]
}
